{
  "version": 4,
  "terraform_version": "1.6.6",
  "serial": 23,
  "lineage": "717e34dc-95be-fe84-2eb8-1f29f894b6a7",
  "outputs": {
    "lambda_function_url": {
      "value": "https://5kpgmqlh6yneqlbi2bw6i6lejm0avepa.lambda-url.ap-southeast-2.on.aws/",
      "type": "string"
    }
  },
  "resources": [
    {
      "mode": "managed",
      "type": "aws_iam_role",
      "name": "lambda_exec",
      "provider": "provider[\"registry.terraform.io/hashicorp/aws\"]",
      "instances": [
        {
          "schema_version": 0,
          "attributes": {
            "arn": "arn:aws:iam::705693573794:role/qodana_bot_exec_role",
            "assume_role_policy": "{\"Statement\":[{\"Action\":\"sts:AssumeRole\",\"Effect\":\"Allow\",\"Principal\":{\"Service\":\"lambda.amazonaws.com\"}}],\"Version\":\"2012-10-17\"}",
            "create_date": "2025-12-01T02:39:59Z",
            "description": "",
            "force_detach_policies": false,
            "id": "qodana_bot_exec_role",
            "inline_policy": [],
            "managed_policy_arns": [
              "arn:aws:iam::aws:policy/service-role/AWSLambdaBasicExecutionRole"
            ],
            "max_session_duration": 3600,
            "name": "qodana_bot_exec_role",
            "name_prefix": "",
            "path": "/",
            "permissions_boundary": "",
            "tags": {},
            "tags_all": {},
            "unique_id": "AROA2ITU5MKROXKCCR64A"
          },
          "sensitive_attributes": [],
          "private": "bnVsbA=="
        }
      ]
    },
    {
      "mode": "managed",
      "type": "aws_iam_role_policy_attachment",
      "name": "lambda_basic",
      "provider": "provider[\"registry.terraform.io/hashicorp/aws\"]",
      "instances": [
        {
          "schema_version": 0,
          "attributes": {
            "id": "qodana_bot_exec_role/arn:aws:iam::aws:policy/service-role/AWSLambdaBasicExecutionRole",
            "policy_arn": "arn:aws:iam::aws:policy/service-role/AWSLambdaBasicExecutionRole",
            "role": "qodana_bot_exec_role"
          },
          "sensitive_attributes": [],
          "private": "bnVsbA==",
          "dependencies": [
            "aws_iam_role.lambda_exec"
          ]
        }
      ]
    },
    {
      "mode": "managed",
      "type": "aws_lambda_function",
      "name": "qodana_bot",
      "provider": "provider[\"registry.terraform.io/hashicorp/aws\"]",
      "instances": [
        {
          "schema_version": 0,
          "attributes": {
            "architectures": [
              "x86_64"
            ],
            "arn": "arn:aws:lambda:ap-southeast-2:705693573794:function:qodana-bot",
            "code_sha256": "JXTFtzESkKgdkV8rthVSVb73kCnLMDNesYw0JTh3Vk4=",
            "code_signing_config_arn": "",
            "dead_letter_config": [],
            "description": "Qodana Bot: responds to GitHub issues and creates pull requests.",
            "environment": [
              {
                "variables": {
                  "GITHUB_APP_IDENTIFIER": "2304130",
                  "GITHUB_CLIENT_SECRET": "7d3e0014c194ba8acdd6931c8f58c0710c312dbd",
                  "GITHUB_WEBHOOK_SECRET": "8233863c-bbad-4c8c-80df-cfd4ffe27654",
                  "PRIVATE_KEY_FILE": "./qodana-setup-bot.2025-11-16.private-key.pem"
                }
              }
            ],
            "ephemeral_storage": [
              {
                "size": 512
              }
            ],
            "file_system_config": [],
            "filename": "lambda.zip",
            "function_name": "qodana-bot",
            "handler": "lambda.handler",
            "id": "qodana-bot",
            "image_config": [],
            "image_uri": "",
            "invoke_arn": "arn:aws:apigateway:ap-southeast-2:lambda:path/2015-03-31/functions/arn:aws:lambda:ap-southeast-2:705693573794:function:qodana-bot/invocations",
            "kms_key_arn": "",
            "last_modified": "2025-12-01T03:36:01.000+0000",
            "layers": [],
            "logging_config": [
              {
                "application_log_level": "",
                "log_format": "Text",
                "log_group": "/aws/lambda/qodana-bot",
                "system_log_level": ""
              }
            ],
            "memory_size": 128,
            "package_type": "Zip",
            "publish": false,
            "qualified_arn": "arn:aws:lambda:ap-southeast-2:705693573794:function:qodana-bot:$LATEST",
            "qualified_invoke_arn": "arn:aws:apigateway:ap-southeast-2:lambda:path/2015-03-31/functions/arn:aws:lambda:ap-southeast-2:705693573794:function:qodana-bot:$LATEST/invocations",
            "region": "ap-southeast-2",
            "replace_security_groups_on_destroy": null,
            "replacement_security_group_ids": null,
            "reserved_concurrent_executions": -1,
            "role": "arn:aws:iam::705693573794:role/qodana_bot_exec_role",
            "runtime": "nodejs24.x",
            "s3_bucket": null,
            "s3_key": null,
            "s3_object_version": null,
            "signing_job_arn": "",
            "signing_profile_version_arn": "",
            "skip_destroy": false,
            "snap_start": [],
            "source_code_hash": "JXTFtzESkKgdkV8rthVSVb73kCnLMDNesYw0JTh3Vk4=",
            "source_code_size": 1371096,
            "source_kms_key_arn": "",
            "tags": {},
            "tags_all": {},
            "tenancy_config": [],
            "timeout": 10,
            "timeouts": null,
            "tracing_config": [
              {
                "mode": "PassThrough"
              }
            ],
            "version": "$LATEST",
            "vpc_config": []
          },
          "sensitive_attributes": [],
          "private": "eyJlMmJmYjczMC1lY2FhLTExZTYtOGY4OC0zNDM2M2JjN2M0YzAiOnsiY3JlYXRlIjo2MDAwMDAwMDAwMDAsImRlbGV0ZSI6NjAwMDAwMDAwMDAwLCJ1cGRhdGUiOjYwMDAwMDAwMDAwMH19",
          "dependencies": [
            "aws_iam_role.lambda_exec"
          ]
        }
      ]
    },
    {
      "mode": "managed",
      "type": "aws_lambda_function_url",
      "name": "qodana_bot_url",
      "provider": "provider[\"registry.terraform.io/hashicorp/aws\"]",
      "instances": [
        {
          "schema_version": 0,
          "attributes": {
            "authorization_type": "NONE",
            "cors": [],
            "function_arn": "arn:aws:lambda:ap-southeast-2:705693573794:function:qodana-bot",
            "function_name": "qodana-bot",
            "function_url": "https://5kpgmqlh6yneqlbi2bw6i6lejm0avepa.lambda-url.ap-southeast-2.on.aws/",
            "id": "qodana-bot",
            "invoke_mode": "BUFFERED",
            "qualifier": "",
            "region": "ap-southeast-2",
            "timeouts": null,
            "url_id": "5kpgmqlh6yneqlbi2bw6i6lejm0avepa"
          },
          "sensitive_attributes": [],
          "private": "eyJlMmJmYjczMC1lY2FhLTExZTYtOGY4OC0zNDM2M2JjN2M0YzAiOnsiY3JlYXRlIjo2MDAwMDAwMDAwMDB9fQ==",
          "dependencies": [
            "aws_iam_role.lambda_exec",
            "aws_lambda_function.qodana_bot"
          ]
        }
      ]
    }
  ],
  "check_results": null
}
